
Microsoft Visual Studio Solution File, Format Version 12.00
# Visual Studio 2013
VisualStudioVersion = 12.0.21005.1
MinimumVisualStudioVersion = 10.0.40219.1
Project("{FAE04EC0-301F-11D3-BF4B-00C04F79EFBC}") = "20172560차영준_과제1_배열출력하기", "20172560차영준_과제1_배열출력하기\20172560차영준_과제1_배열출력하기.csproj", "{BE20C418-8019-48FC-99EF-33FBB92B598A}"
EndProject
Global
	GlobalSection(SolutionConfigurationPlatforms) = preSolution
		Debug|Any CPU = Debug|Any CPU
		Release|Any CPU = Release|Any CPU
	EndGlobalSection
	GlobalSection(ProjectConfigurationPlatforms) = postSolution
		{BE20C418-8019-48FC-99EF-33FBB92B598A}.Debug|Any CPU.ActiveCfg = Debug|Any CPU
		{BE20C418-8019-48FC-99EF-33FBB92B598A}.Debug|Any CPU.Build.0 = Debug|Any CPU
		{BE20C418-8019-48FC-99EF-33FBB92B598A}.Release|Any CPU.ActiveCfg = Release|Any CPU
		{BE20C418-8019-48FC-99EF-33FBB92B598A}.Release|Any CPU.Build.0 = Release|Any CPU
	EndGlobalSection
	GlobalSection(SolutionProperties) = preSolution
		HideSolutionNode = FALSE
	EndGlobalSection
EndGlobal
