
Microsoft Visual Studio Solution File, Format Version 12.00
# Visual Studio 2013
VisualStudioVersion = 12.0.21005.1
MinimumVisualStudioVersion = 10.0.40219.1
Project("{FAE04EC0-301F-11D3-BF4B-00C04F79EFBC}") = "20172560차영준_4장실습예제3번", "20172560차영준_4장실습예제3번\20172560차영준_4장실습예제3번.csproj", "{0D9B52B2-FDEB-4DCD-98A1-6E50E6C5C64F}"
EndProject
Global
	GlobalSection(SolutionConfigurationPlatforms) = preSolution
		Debug|Any CPU = Debug|Any CPU
		Release|Any CPU = Release|Any CPU
	EndGlobalSection
	GlobalSection(ProjectConfigurationPlatforms) = postSolution
		{0D9B52B2-FDEB-4DCD-98A1-6E50E6C5C64F}.Debug|Any CPU.ActiveCfg = Debug|Any CPU
		{0D9B52B2-FDEB-4DCD-98A1-6E50E6C5C64F}.Debug|Any CPU.Build.0 = Debug|Any CPU
		{0D9B52B2-FDEB-4DCD-98A1-6E50E6C5C64F}.Release|Any CPU.ActiveCfg = Release|Any CPU
		{0D9B52B2-FDEB-4DCD-98A1-6E50E6C5C64F}.Release|Any CPU.Build.0 = Release|Any CPU
	EndGlobalSection
	GlobalSection(SolutionProperties) = preSolution
		HideSolutionNode = FALSE
	EndGlobalSection
EndGlobal
